PODS:
  - Alamofire (4.7.3)
  - SwiftCharts (0.6.1)

DEPENDENCIES:
  - Alamofire (~> 4.7)
  - SwiftCharts (~> 0.6.1)

SPEC CHECKSUMS:
  Alamofire: c7287b6e5d7da964a70935e5db17046b7fde6568
  SwiftCharts: 77378d6cf667e95f9c79a745b6778e66eed5339c

PODFILE CHECKSUM: c359927f2ef600472bbedd0dcada43d93b0fc1e5

COCOAPODS: 1.4.0
