PODS:
  - Alamofire (4.7.3)
  - Charts (3.2.1):
    - Charts/Core (= 3.2.1)
  - Charts/Core (3.2.1)
  - JTAppleCalendar (7.1.6)

DEPENDENCIES:
  - Alamofire (~> 4.7)
  - Charts
  - JTAppleCalendar (~> 7.0)

SPEC REPOS:
  https://github.com/cocoapods/specs.git:
    - Alamofire
    - Charts
    - JTAppleCalendar

SPEC CHECKSUMS:
  Alamofire: c7287b6e5d7da964a70935e5db17046b7fde6568
  Charts: f122fb70b19847fa5817d018b77d6c5a2296ab25
  JTAppleCalendar: abb30678f42a4ef8a340a932b1dcb8c85a33dac2

PODFILE CHECKSUM: bdbf4c797713c67825297b7c908f179d1b95fb3f

COCOAPODS: 1.5.3
